{
  "name": "@sportx-bet/smart-contracts",
  "version": "1.0.0",
  "lockfileVersion": 1,
  "requires": true,
  "dependencies": {
    "openzeppelin-solidity": {
      "version": "2.1.3",
      "resolved": "https://registry.npmjs.org/openzeppelin-solidity/-/openzeppelin-solidity-2.1.3.tgz",
      "integrity": "sha512-Zz595xw6w4ZrNU3JJJTlPd8bHFbHv5OkJlkqsM2i+NBs6CzImoHI3dZ+nmhkfR+p52cGXKmayAGbnfdCum1SMg=="
    }
  }
}
